
Microsoft Visual Studio Solution File, Format Version 12.00
# Visual Studio Version 16
VisualStudioVersion = 16.6.30114.105
MinimumVisualStudioVersion = 10.0.40219.1
Project("{FAE04EC0-301F-11D3-BF4B-00C04F79EFBC}") = "Application", "Api.Application\Application.csproj", "{47ACC0F9-60F5-4D5F-9339-7AB0D57004DA}"
EndProject
Project("{FAE04EC0-301F-11D3-BF4B-00C04F79EFBC}") = "CrossCutting", "Api.CrossCutting\CrossCutting.csproj", "{2939335E-702B-41E4-A530-B3BCA55B1866}"
EndProject
Project("{FAE04EC0-301F-11D3-BF4B-00C04F79EFBC}") = "Data", "Api.Data\Data.csproj", "{5F5EC7A2-D0E3-4ADF-B9E9-2AE3F381F49E}"
EndProject
Project("{FAE04EC0-301F-11D3-BF4B-00C04F79EFBC}") = "Domain", "Api.Domain\Domain.csproj", "{780D8015-8365-4CDB-88AB-DF8242D65986}"
EndProject
Project("{FAE04EC0-301F-11D3-BF4B-00C04F79EFBC}") = "Service", "Api.Service\Service.csproj", "{997F4331-1116-421E-B563-87FB604BB5AF}"
EndProject
Project("{FAE04EC0-301F-11D3-BF4B-00C04F79EFBC}") = "Api.Application.Test", "Api.Application.Test\Api.Application.Test.csproj", "{79979269-06D5-4F0C-BB85-F8542362F5D9}"
EndProject
Project("{FAE04EC0-301F-11D3-BF4B-00C04F79EFBC}") = "Api.Data.Test", "Api.Data.Test\Api.Data.Test.csproj", "{DE85030A-7303-4595-A140-746D7CB55E48}"
EndProject
Project("{FAE04EC0-301F-11D3-BF4B-00C04F79EFBC}") = "Api.Service.Test", "Api.Service.Test\Api.Service.Test.csproj", "{B5CCCDF9-A174-4A1C-986F-681AC9C0D1E5}"
EndProject
Project("{FAE04EC0-301F-11D3-BF4B-00C04F79EFBC}") = "Api.Integration.Test", "Api.Integration.Test\Api.Integration.Test.csproj", "{B8607F49-76FF-4205-A8E4-D9B8A53AD5AF}"
EndProject
Global
	GlobalSection(SolutionConfigurationPlatforms) = preSolution
		Debug|Any CPU = Debug|Any CPU
		Debug|x64 = Debug|x64
		Debug|x86 = Debug|x86
		Release|Any CPU = Release|Any CPU
		Release|x64 = Release|x64
		Release|x86 = Release|x86
	EndGlobalSection
	GlobalSection(SolutionProperties) = preSolution
		HideSolutionNode = FALSE
	EndGlobalSection
	GlobalSection(ProjectConfigurationPlatforms) = postSolution
		{47ACC0F9-60F5-4D5F-9339-7AB0D57004DA}.Debug|Any CPU.ActiveCfg = Debug|Any CPU
		{47ACC0F9-60F5-4D5F-9339-7AB0D57004DA}.Debug|Any CPU.Build.0 = Debug|Any CPU
		{47ACC0F9-60F5-4D5F-9339-7AB0D57004DA}.Debug|x64.ActiveCfg = Debug|Any CPU
		{47ACC0F9-60F5-4D5F-9339-7AB0D57004DA}.Debug|x64.Build.0 = Debug|Any CPU
		{47ACC0F9-60F5-4D5F-9339-7AB0D57004DA}.Debug|x86.ActiveCfg = Debug|Any CPU
		{47ACC0F9-60F5-4D5F-9339-7AB0D57004DA}.Debug|x86.Build.0 = Debug|Any CPU
		{47ACC0F9-60F5-4D5F-9339-7AB0D57004DA}.Release|Any CPU.ActiveCfg = Release|Any CPU
		{47ACC0F9-60F5-4D5F-9339-7AB0D57004DA}.Release|Any CPU.Build.0 = Release|Any CPU
		{47ACC0F9-60F5-4D5F-9339-7AB0D57004DA}.Release|x64.ActiveCfg = Release|Any CPU
		{47ACC0F9-60F5-4D5F-9339-7AB0D57004DA}.Release|x64.Build.0 = Release|Any CPU
		{47ACC0F9-60F5-4D5F-9339-7AB0D57004DA}.Release|x86.ActiveCfg = Release|Any CPU
		{47ACC0F9-60F5-4D5F-9339-7AB0D57004DA}.Release|x86.Build.0 = Release|Any CPU
		{2939335E-702B-41E4-A530-B3BCA55B1866}.Debug|Any CPU.ActiveCfg = Debug|Any CPU
		{2939335E-702B-41E4-A530-B3BCA55B1866}.Debug|Any CPU.Build.0 = Debug|Any CPU
		{2939335E-702B-41E4-A530-B3BCA55B1866}.Debug|x64.ActiveCfg = Debug|Any CPU
		{2939335E-702B-41E4-A530-B3BCA55B1866}.Debug|x64.Build.0 = Debug|Any CPU
		{2939335E-702B-41E4-A530-B3BCA55B1866}.Debug|x86.ActiveCfg = Debug|Any CPU
		{2939335E-702B-41E4-A530-B3BCA55B1866}.Debug|x86.Build.0 = Debug|Any CPU
		{2939335E-702B-41E4-A530-B3BCA55B1866}.Release|Any CPU.ActiveCfg = Release|Any CPU
		{2939335E-702B-41E4-A530-B3BCA55B1866}.Release|Any CPU.Build.0 = Release|Any CPU
		{2939335E-702B-41E4-A530-B3BCA55B1866}.Release|x64.ActiveCfg = Release|Any CPU
		{2939335E-702B-41E4-A530-B3BCA55B1866}.Release|x64.Build.0 = Release|Any CPU
		{2939335E-702B-41E4-A530-B3BCA55B1866}.Release|x86.ActiveCfg = Release|Any CPU
		{2939335E-702B-41E4-A530-B3BCA55B1866}.Release|x86.Build.0 = Release|Any CPU
		{5F5EC7A2-D0E3-4ADF-B9E9-2AE3F381F49E}.Debug|Any CPU.ActiveCfg = Debug|Any CPU
		{5F5EC7A2-D0E3-4ADF-B9E9-2AE3F381F49E}.Debug|Any CPU.Build.0 = Debug|Any CPU
		{5F5EC7A2-D0E3-4ADF-B9E9-2AE3F381F49E}.Debug|x64.ActiveCfg = Debug|Any CPU
		{5F5EC7A2-D0E3-4ADF-B9E9-2AE3F381F49E}.Debug|x64.Build.0 = Debug|Any CPU
		{5F5EC7A2-D0E3-4ADF-B9E9-2AE3F381F49E}.Debug|x86.ActiveCfg = Debug|Any CPU
		{5F5EC7A2-D0E3-4ADF-B9E9-2AE3F381F49E}.Debug|x86.Build.0 = Debug|Any CPU
		{5F5EC7A2-D0E3-4ADF-B9E9-2AE3F381F49E}.Release|Any CPU.ActiveCfg = Release|Any CPU
		{5F5EC7A2-D0E3-4ADF-B9E9-2AE3F381F49E}.Release|Any CPU.Build.0 = Release|Any CPU
		{5F5EC7A2-D0E3-4ADF-B9E9-2AE3F381F49E}.Release|x64.ActiveCfg = Release|Any CPU
		{5F5EC7A2-D0E3-4ADF-B9E9-2AE3F381F49E}.Release|x64.Build.0 = Release|Any CPU
		{5F5EC7A2-D0E3-4ADF-B9E9-2AE3F381F49E}.Release|x86.ActiveCfg = Release|Any CPU
		{5F5EC7A2-D0E3-4ADF-B9E9-2AE3F381F49E}.Release|x86.Build.0 = Release|Any CPU
		{780D8015-8365-4CDB-88AB-DF8242D65986}.Debug|Any CPU.ActiveCfg = Debug|Any CPU
		{780D8015-8365-4CDB-88AB-DF8242D65986}.Debug|Any CPU.Build.0 = Debug|Any CPU
		{780D8015-8365-4CDB-88AB-DF8242D65986}.Debug|x64.ActiveCfg = Debug|Any CPU
		{780D8015-8365-4CDB-88AB-DF8242D65986}.Debug|x64.Build.0 = Debug|Any CPU
		{780D8015-8365-4CDB-88AB-DF8242D65986}.Debug|x86.ActiveCfg = Debug|Any CPU
		{780D8015-8365-4CDB-88AB-DF8242D65986}.Debug|x86.Build.0 = Debug|Any CPU
		{780D8015-8365-4CDB-88AB-DF8242D65986}.Release|Any CPU.ActiveCfg = Release|Any CPU
		{780D8015-8365-4CDB-88AB-DF8242D65986}.Release|Any CPU.Build.0 = Release|Any CPU
		{780D8015-8365-4CDB-88AB-DF8242D65986}.Release|x64.ActiveCfg = Release|Any CPU
		{780D8015-8365-4CDB-88AB-DF8242D65986}.Release|x64.Build.0 = Release|Any CPU
		{780D8015-8365-4CDB-88AB-DF8242D65986}.Release|x86.ActiveCfg = Release|Any CPU
		{780D8015-8365-4CDB-88AB-DF8242D65986}.Release|x86.Build.0 = Release|Any CPU
		{997F4331-1116-421E-B563-87FB604BB5AF}.Debug|Any CPU.ActiveCfg = Debug|Any CPU
		{997F4331-1116-421E-B563-87FB604BB5AF}.Debug|Any CPU.Build.0 = Debug|Any CPU
		{997F4331-1116-421E-B563-87FB604BB5AF}.Debug|x64.ActiveCfg = Debug|Any CPU
		{997F4331-1116-421E-B563-87FB604BB5AF}.Debug|x64.Build.0 = Debug|Any CPU
		{997F4331-1116-421E-B563-87FB604BB5AF}.Debug|x86.ActiveCfg = Debug|Any CPU
		{997F4331-1116-421E-B563-87FB604BB5AF}.Debug|x86.Build.0 = Debug|Any CPU
		{997F4331-1116-421E-B563-87FB604BB5AF}.Release|Any CPU.ActiveCfg = Release|Any CPU
		{997F4331-1116-421E-B563-87FB604BB5AF}.Release|Any CPU.Build.0 = Release|Any CPU
		{997F4331-1116-421E-B563-87FB604BB5AF}.Release|x64.ActiveCfg = Release|Any CPU
		{997F4331-1116-421E-B563-87FB604BB5AF}.Release|x64.Build.0 = Release|Any CPU
		{997F4331-1116-421E-B563-87FB604BB5AF}.Release|x86.ActiveCfg = Release|Any CPU
		{997F4331-1116-421E-B563-87FB604BB5AF}.Release|x86.Build.0 = Release|Any CPU
		{79979269-06D5-4F0C-BB85-F8542362F5D9}.Debug|Any CPU.ActiveCfg = Debug|Any CPU
		{79979269-06D5-4F0C-BB85-F8542362F5D9}.Debug|Any CPU.Build.0 = Debug|Any CPU
		{79979269-06D5-4F0C-BB85-F8542362F5D9}.Debug|x64.ActiveCfg = Debug|Any CPU
		{79979269-06D5-4F0C-BB85-F8542362F5D9}.Debug|x64.Build.0 = Debug|Any CPU
		{79979269-06D5-4F0C-BB85-F8542362F5D9}.Debug|x86.ActiveCfg = Debug|Any CPU
		{79979269-06D5-4F0C-BB85-F8542362F5D9}.Debug|x86.Build.0 = Debug|Any CPU
		{79979269-06D5-4F0C-BB85-F8542362F5D9}.Release|Any CPU.ActiveCfg = Release|Any CPU
		{79979269-06D5-4F0C-BB85-F8542362F5D9}.Release|Any CPU.Build.0 = Release|Any CPU
		{79979269-06D5-4F0C-BB85-F8542362F5D9}.Release|x64.ActiveCfg = Release|Any CPU
		{79979269-06D5-4F0C-BB85-F8542362F5D9}.Release|x64.Build.0 = Release|Any CPU
		{79979269-06D5-4F0C-BB85-F8542362F5D9}.Release|x86.ActiveCfg = Release|Any CPU
		{79979269-06D5-4F0C-BB85-F8542362F5D9}.Release|x86.Build.0 = Release|Any CPU
		{DE85030A-7303-4595-A140-746D7CB55E48}.Debug|Any CPU.ActiveCfg = Debug|Any CPU
		{DE85030A-7303-4595-A140-746D7CB55E48}.Debug|Any CPU.Build.0 = Debug|Any CPU
		{DE85030A-7303-4595-A140-746D7CB55E48}.Debug|x64.ActiveCfg = Debug|Any CPU
		{DE85030A-7303-4595-A140-746D7CB55E48}.Debug|x64.Build.0 = Debug|Any CPU
		{DE85030A-7303-4595-A140-746D7CB55E48}.Debug|x86.ActiveCfg = Debug|Any CPU
		{DE85030A-7303-4595-A140-746D7CB55E48}.Debug|x86.Build.0 = Debug|Any CPU
		{DE85030A-7303-4595-A140-746D7CB55E48}.Release|Any CPU.ActiveCfg = Release|Any CPU
		{DE85030A-7303-4595-A140-746D7CB55E48}.Release|Any CPU.Build.0 = Release|Any CPU
		{DE85030A-7303-4595-A140-746D7CB55E48}.Release|x64.ActiveCfg = Release|Any CPU
		{DE85030A-7303-4595-A140-746D7CB55E48}.Release|x64.Build.0 = Release|Any CPU
		{DE85030A-7303-4595-A140-746D7CB55E48}.Release|x86.ActiveCfg = Release|Any CPU
		{DE85030A-7303-4595-A140-746D7CB55E48}.Release|x86.Build.0 = Release|Any CPU
		{B5CCCDF9-A174-4A1C-986F-681AC9C0D1E5}.Debug|Any CPU.ActiveCfg = Debug|Any CPU
		{B5CCCDF9-A174-4A1C-986F-681AC9C0D1E5}.Debug|Any CPU.Build.0 = Debug|Any CPU
		{B5CCCDF9-A174-4A1C-986F-681AC9C0D1E5}.Debug|x64.ActiveCfg = Debug|Any CPU
		{B5CCCDF9-A174-4A1C-986F-681AC9C0D1E5}.Debug|x64.Build.0 = Debug|Any CPU
		{B5CCCDF9-A174-4A1C-986F-681AC9C0D1E5}.Debug|x86.ActiveCfg = Debug|Any CPU
		{B5CCCDF9-A174-4A1C-986F-681AC9C0D1E5}.Debug|x86.Build.0 = Debug|Any CPU
		{B5CCCDF9-A174-4A1C-986F-681AC9C0D1E5}.Release|Any CPU.ActiveCfg = Release|Any CPU
		{B5CCCDF9-A174-4A1C-986F-681AC9C0D1E5}.Release|Any CPU.Build.0 = Release|Any CPU
		{B5CCCDF9-A174-4A1C-986F-681AC9C0D1E5}.Release|x64.ActiveCfg = Release|Any CPU
		{B5CCCDF9-A174-4A1C-986F-681AC9C0D1E5}.Release|x64.Build.0 = Release|Any CPU
		{B5CCCDF9-A174-4A1C-986F-681AC9C0D1E5}.Release|x86.ActiveCfg = Release|Any CPU
		{B5CCCDF9-A174-4A1C-986F-681AC9C0D1E5}.Release|x86.Build.0 = Release|Any CPU
		{B8607F49-76FF-4205-A8E4-D9B8A53AD5AF}.Debug|Any CPU.ActiveCfg = Debug|Any CPU
		{B8607F49-76FF-4205-A8E4-D9B8A53AD5AF}.Debug|Any CPU.Build.0 = Debug|Any CPU
		{B8607F49-76FF-4205-A8E4-D9B8A53AD5AF}.Debug|x64.ActiveCfg = Debug|Any CPU
		{B8607F49-76FF-4205-A8E4-D9B8A53AD5AF}.Debug|x64.Build.0 = Debug|Any CPU
		{B8607F49-76FF-4205-A8E4-D9B8A53AD5AF}.Debug|x86.ActiveCfg = Debug|Any CPU
		{B8607F49-76FF-4205-A8E4-D9B8A53AD5AF}.Debug|x86.Build.0 = Debug|Any CPU
		{B8607F49-76FF-4205-A8E4-D9B8A53AD5AF}.Release|Any CPU.ActiveCfg = Release|Any CPU
		{B8607F49-76FF-4205-A8E4-D9B8A53AD5AF}.Release|Any CPU.Build.0 = Release|Any CPU
		{B8607F49-76FF-4205-A8E4-D9B8A53AD5AF}.Release|x64.ActiveCfg = Release|Any CPU
		{B8607F49-76FF-4205-A8E4-D9B8A53AD5AF}.Release|x64.Build.0 = Release|Any CPU
		{B8607F49-76FF-4205-A8E4-D9B8A53AD5AF}.Release|x86.ActiveCfg = Release|Any CPU
		{B8607F49-76FF-4205-A8E4-D9B8A53AD5AF}.Release|x86.Build.0 = Release|Any CPU
	EndGlobalSection
EndGlobal
